
Microsoft Visual Studio Solution File, Format Version 12.00
# Visual Studio Version 17
VisualStudioVersion = 17.6.33815.320
MinimumVisualStudioVersion = 10.0.40219.1
Project("{FAE04EC0-301F-11D3-BF4B-00C04F79EFBC}") = "projekt2", "projekt2\projekt2.csproj", "{220E87D6-47B4-4F8A-9AD0-9F92F4383765}"
EndProject
Global
	GlobalSection(SolutionConfigurationPlatforms) = preSolution
		Debug|Any CPU = Debug|Any CPU
		Release|Any CPU = Release|Any CPU
	EndGlobalSection
	GlobalSection(ProjectConfigurationPlatforms) = postSolution
		{220E87D6-47B4-4F8A-9AD0-9F92F4383765}.Debug|Any CPU.ActiveCfg = Debug|Any CPU
		{220E87D6-47B4-4F8A-9AD0-9F92F4383765}.Debug|Any CPU.Build.0 = Debug|Any CPU
		{220E87D6-47B4-4F8A-9AD0-9F92F4383765}.Release|Any CPU.ActiveCfg = Release|Any CPU
		{220E87D6-47B4-4F8A-9AD0-9F92F4383765}.Release|Any CPU.Build.0 = Release|Any CPU
	EndGlobalSection
	GlobalSection(SolutionProperties) = preSolution
		HideSolutionNode = FALSE
	EndGlobalSection
	GlobalSection(ExtensibilityGlobals) = postSolution
		SolutionGuid = {7E1648B2-713C-4E43-AA1F-C52C34E8DA89}
	EndGlobalSection
EndGlobal
